{
  "name": "frappe_sm",
  "version": "1.0.0",
  "lockfileVersion": 3,
  "requires": true,
  "packages": {
    "": {
      "name": "frappe_sm",
      "version": "1.0.0",
      "hasInstallScript": true,
      "license": "ISC",
      "dependencies": {
        "floating-vue": "^5.2.2"
      }
    },
    "node_modules/@floating-ui/core": {
      "version": "1.7.0",
      "resolved": "https://registry.npmjs.org/@floating-ui/core/-/core-1.7.0.tgz",
      "integrity": "sha512-FRdBLykrPPA6P76GGGqlex/e7fbe0F1ykgxHYNXQsH/iTEtjMj/f9bpY5oQqbjt5VgZvgz/uKXbGuROijh3VLA==",
      "license": "MIT",
      "dependencies": {
        "@floating-ui/utils": "^0.2.9"
      }
    },
    "node_modules/@floating-ui/dom": {
      "version": "1.1.1",
      "resolved": "https://registry.npmjs.org/@floating-ui/dom/-/dom-1.1.1.tgz",
      "integrity": "sha512-TpIO93+DIujg3g7SykEAGZMDtbJRrmnYRCNYSjJlvIbGhBjRSNTLVbNeDQBrzy9qDgUbiWdc7KA0uZHZ2tJmiw==",
      "license": "MIT",
      "dependencies": {
        "@floating-ui/core": "^1.1.0"
      }
    },
    "node_modules/@floating-ui/utils": {
      "version": "0.2.9",
      "resolved": "https://registry.npmjs.org/@floating-ui/utils/-/utils-0.2.9.tgz",
      "integrity": "sha512-MDWhGtE+eHw5JW7lq4qhc5yRLS11ERl1c7Z6Xd0a58DozHES6EnNNwUWbMiG4J9Cgj053Bhk8zvlhFYKVhULwg==",
      "license": "MIT"
    },
    "node_modules/floating-vue": {
      "version": "5.2.2",
      "resolved": "https://registry.npmjs.org/floating-vue/-/floating-vue-5.2.2.tgz",
      "integrity": "sha512-afW+h2CFafo+7Y9Lvw/xsqjaQlKLdJV7h1fCHfcYQ1C4SVMlu7OAekqWgu5d4SgvkBVU0pVpLlVsrSTBURFRkg==",
      "license": "MIT",
      "dependencies": {
        "@floating-ui/dom": "~1.1.1",
        "vue-resize": "^2.0.0-alpha.1"
      },
      "peerDependencies": {
        "@nuxt/kit": "^3.2.0",
        "vue": "^3.2.0"
      },
      "peerDependenciesMeta": {
        "@nuxt/kit": {
          "optional": true
        }
      }
    },
    "node_modules/vue-resize": {
      "version": "2.0.0-alpha.1",
      "resolved": "https://registry.npmjs.org/vue-resize/-/vue-resize-2.0.0-alpha.1.tgz",
      "integrity": "sha512-7+iqOueLU7uc9NrMfrzbG8hwMqchfVfSzpVlCMeJQe4pyibqyoifDNbKTZvwxZKDvGkB+PdFeKvnGZMoEb8esg==",
      "license": "MIT",
      "peerDependencies": {
        "vue": "^3.0.0"
      }
    }
  }
}
