# THIS IS AN AUTOGENERATED FILE. DO NOT EDIT THIS FILE DIRECTLY.
# yarn lockfile v1


"@floating-ui/core@^1.1.0":
  version "1.7.0"
  resolved "https://registry.npmjs.org/@floating-ui/core/-/core-1.7.0.tgz"
  integrity sha512-FRdBLykrPPA6P76GGGqlex/e7fbe0F1ykgxHYNXQsH/iTEtjMj/f9bpY5oQqbjt5VgZvgz/uKXbGuROijh3VLA==
  dependencies:
    "@floating-ui/utils" "^0.2.9"

"@floating-ui/dom@~1.1.1":
  version "1.1.1"
  resolved "https://registry.npmjs.org/@floating-ui/dom/-/dom-1.1.1.tgz"
  integrity sha512-TpIO93+DIujg3g7SykEAGZMDtbJRrmnYRCNYSjJlvIbGhBjRSNTLVbNeDQBrzy9qDgUbiWdc7KA0uZHZ2tJmiw==
  dependencies:
    "@floating-ui/core" "^1.1.0"

"@floating-ui/utils@^0.2.9":
  version "0.2.9"
  resolved "https://registry.npmjs.org/@floating-ui/utils/-/utils-0.2.9.tgz"
  integrity sha512-MDWhGtE+eHw5JW7lq4qhc5yRLS11ERl1c7Z6Xd0a58DozHES6EnNNwUWbMiG4J9Cgj053Bhk8zvlhFYKVhULwg==

floating-vue@^5.2.2:
  version "5.2.2"
  resolved "https://registry.npmjs.org/floating-vue/-/floating-vue-5.2.2.tgz"
  integrity sha512-afW+h2CFafo+7Y9Lvw/xsqjaQlKLdJV7h1fCHfcYQ1C4SVMlu7OAekqWgu5d4SgvkBVU0pVpLlVsrSTBURFRkg==
  dependencies:
    "@floating-ui/dom" "~1.1.1"
    vue-resize "^2.0.0-alpha.1"

vue-resize@^2.0.0-alpha.1:
  version "2.0.0-alpha.1"
  resolved "https://registry.npmjs.org/vue-resize/-/vue-resize-2.0.0-alpha.1.tgz"
  integrity sha512-7+iqOueLU7uc9NrMfrzbG8hwMqchfVfSzpVlCMeJQe4pyibqyoifDNbKTZvwxZKDvGkB+PdFeKvnGZMoEb8esg==
